
Microsoft Visual Studio Solution File, Format Version 12.00
# Visual Studio Version 16
VisualStudioVersion = 16.0.33130.400
MinimumVisualStudioVersion = 10.0.40219.1
Project("{FAE04EC0-301F-11D3-BF4B-00C04F79EFBC}") = "RESTInventory", "WebApplication1\RESTInventory.csproj", "{B03D72B6-FA3A-4288-9F39-C8750DBB7243}"
EndProject
Global
	GlobalSection(SolutionConfigurationPlatforms) = preSolution
		Debug|Any CPU = Debug|Any CPU
		Release|Any CPU = Release|Any CPU
	EndGlobalSection
	GlobalSection(ProjectConfigurationPlatforms) = postSolution
		{B03D72B6-FA3A-4288-9F39-C8750DBB7243}.Debug|Any CPU.ActiveCfg = Debug|Any CPU
		{B03D72B6-FA3A-4288-9F39-C8750DBB7243}.Debug|Any CPU.Build.0 = Debug|Any CPU
		{B03D72B6-FA3A-4288-9F39-C8750DBB7243}.Release|Any CPU.ActiveCfg = Release|Any CPU
		{B03D72B6-FA3A-4288-9F39-C8750DBB7243}.Release|Any CPU.Build.0 = Release|Any CPU
	EndGlobalSection
	GlobalSection(SolutionProperties) = preSolution
		HideSolutionNode = FALSE
	EndGlobalSection
	GlobalSection(ExtensibilityGlobals) = postSolution
		SolutionGuid = {DA8D034A-58BE-426C-A4B2-034FCFFA68A8}
	EndGlobalSection
EndGlobal
